// !$*UTF8*$!
{
	archiveVersion = 1;
	classes = {
	};
	objectVersion = 46;
	objects = {

/* Begin PBXBuildFile section */
		020FE42819C4CE4B00710310 /* Foundation.framework in Frameworks */ = {isa = PBXBuildFile; fileRef = 020FE42719C4CE4B00710310 /* Foundation.framework */; };
		020FE42A19C4CE4B00710310 /* CoreGraphics.framework in Frameworks */ = {isa = PBXBuildFile; fileRef = 020FE42919C4CE4B00710310 /* CoreGraphics.framework */; };
		020FE42C19C4CE4B00710310 /* UIKit.framework in Frameworks */ = {isa = PBXBuildFile; fileRef = 020FE42B19C4CE4B00710310 /* UIKit.framework */; };
		020FE43219C4CE4B00710310 /* InfoPlist.strings in Resources */ = {isa = PBXBuildFile; fileRef = 020FE43019C4CE4B00710310 /* InfoPlist.strings */; };
		020FE43419C4CE4B00710310 /* main.m in Sources */ = {isa = PBXBuildFile; fileRef = 020FE43319C4CE4B00710310 /* main.m */; };
		020FE43819C4CE4B00710310 /* KMNAppDelegate.m in Sources */ = {isa = PBXBuildFile; fileRef = 020FE43719C4CE4B00710310 /* KMNAppDelegate.m */; };
		020FE43A19C4CE4B00710310 /* Images.xcassets in Resources */ = {isa = PBXBuildFile; fileRef = 020FE43919C4CE4B00710310 /* Images.xcassets */; };
		020FE44119C4CE4B00710310 /* XCTest.framework in Frameworks */ = {isa = PBXBuildFile; fileRef = 020FE44019C4CE4B00710310 /* XCTest.framework */; };
		020FE44219C4CE4B00710310 /* Foundation.framework in Frameworks */ = {isa = PBXBuildFile; fileRef = 020FE42719C4CE4B00710310 /* Foundation.framework */; };
		020FE44319C4CE4B00710310 /* UIKit.framework in Frameworks */ = {isa = PBXBuildFile; fileRef = 020FE42B19C4CE4B00710310 /* UIKit.framework */; };
		020FE44B19C4CE4B00710310 /* InfoPlist.strings in Resources */ = {isa = PBXBuildFile; fileRef = 020FE44919C4CE4B00710310 /* InfoPlist.strings */; };
		020FE44D19C4CE4B00710310 /* NerdfeedTests.m in Sources */ = {isa = PBXBuildFile; fileRef = 020FE44C19C4CE4B00710310 /* NerdfeedTests.m */; };
		020FE45819C4CE7600710310 /* KMNCoursesViewController.m in Sources */ = {isa = PBXBuildFile; fileRef = 020FE45719C4CE7600710310 /* KMNCoursesViewController.m */; };
		020FE45B19C4E62F00710310 /* KMNWebViewController.m in Sources */ = {isa = PBXBuildFile; fileRef = 020FE45A19C4E62F00710310 /* KMNWebViewController.m */; };
/* End PBXBuildFile section */

/* Begin PBXContainerItemProxy section */
		020FE44419C4CE4B00710310 /* PBXContainerItemProxy */ = {
			isa = PBXContainerItemProxy;
			containerPortal = 020FE41C19C4CE4B00710310 /* Project object */;
			proxyType = 1;
			remoteGlobalIDString = 020FE42319C4CE4B00710310;
			remoteInfo = Nerdfeed;
		};
/* End PBXContainerItemProxy section */

/* Begin PBXFileReference section */
		020FE42419C4CE4B00710310 /* Nerdfeed.app */ = {isa = PBXFileReference; explicitFileType = wrapper.application; includeInIndex = 0; path = Nerdfeed.app; sourceTree = BUILT_PRODUCTS_DIR; };
		020FE42719C4CE4B00710310 /* Foundation.framework */ = {isa = PBXFileReference; lastKnownFileType = wrapper.framework; name = Foundation.framework; path = System/Library/Frameworks/Foundation.framework; sourceTree = SDKROOT; };
		020FE42919C4CE4B00710310 /* CoreGraphics.framework */ = {isa = PBXFileReference; lastKnownFileType = wrapper.framework; name = CoreGraphics.framework; path = System/Library/Frameworks/CoreGraphics.framework; sourceTree = SDKROOT; };
		020FE42B19C4CE4B00710310 /* UIKit.framework */ = {isa = PBXFileReference; lastKnownFileType = wrapper.framework; name = UIKit.framework; path = System/Library/Frameworks/UIKit.framework; sourceTree = SDKROOT; };
		020FE42F19C4CE4B00710310 /* Nerdfeed-Info.plist */ = {isa = PBXFileReference; lastKnownFileType = text.plist.xml; path = "Nerdfeed-Info.plist"; sourceTree = "<group>"; };
		020FE43119C4CE4B00710310 /* en */ = {isa = PBXFileReference; lastKnownFileType = text.plist.strings; name = en; path = en.lproj/InfoPlist.strings; sourceTree = "<group>"; };
		020FE43319C4CE4B00710310 /* main.m */ = {isa = PBXFileReference; lastKnownFileType = sourcecode.c.objc; path = main.m; sourceTree = "<group>"; };
		020FE43519C4CE4B00710310 /* Nerdfeed-Prefix.pch */ = {isa = PBXFileReference; lastKnownFileType = sourcecode.c.h; path = "Nerdfeed-Prefix.pch"; sourceTree = "<group>"; };
		020FE43619C4CE4B00710310 /* KMNAppDelegate.h */ = {isa = PBXFileReference; lastKnownFileType = sourcecode.c.h; path = KMNAppDelegate.h; sourceTree = "<group>"; };
		020FE43719C4CE4B00710310 /* KMNAppDelegate.m */ = {isa = PBXFileReference; lastKnownFileType = sourcecode.c.objc; path = KMNAppDelegate.m; sourceTree = "<group>"; };
		020FE43919C4CE4B00710310 /* Images.xcassets */ = {isa = PBXFileReference; lastKnownFileType = folder.assetcatalog; path = Images.xcassets; sourceTree = "<group>"; };
		020FE43F19C4CE4B00710310 /* NerdfeedTests.xctest */ = {isa = PBXFileReference; explicitFileType = wrapper.cfbundle; includeInIndex = 0; path = NerdfeedTests.xctest; sourceTree = BUILT_PRODUCTS_DIR; };
		020FE44019C4CE4B00710310 /* XCTest.framework */ = {isa = PBXFileReference; lastKnownFileType = wrapper.framework; name = XCTest.framework; path = Library/Frameworks/XCTest.framework; sourceTree = DEVELOPER_DIR; };
		020FE44819C4CE4B00710310 /* NerdfeedTests-Info.plist */ = {isa = PBXFileReference; lastKnownFileType = text.plist.xml; path = "NerdfeedTests-Info.plist"; sourceTree = "<group>"; };
		020FE44A19C4CE4B00710310 /* en */ = {isa = PBXFileReference; lastKnownFileType = text.plist.strings; name = en; path = en.lproj/InfoPlist.strings; sourceTree = "<group>"; };
		020FE44C19C4CE4B00710310 /* NerdfeedTests.m */ = {isa = PBXFileReference; lastKnownFileType = sourcecode.c.objc; path = NerdfeedTests.m; sourceTree = "<group>"; };
		020FE45619C4CE7600710310 /* KMNCoursesViewController.h */ = {isa = PBXFileReference; fileEncoding = 4; lastKnownFileType = sourcecode.c.h; path = KMNCoursesViewController.h; sourceTree = "<group>"; };
		020FE45719C4CE7600710310 /* KMNCoursesViewController.m */ = {isa = PBXFileReference; fileEncoding = 4; lastKnownFileType = sourcecode.c.objc; path = KMNCoursesViewController.m; sourceTree = "<group>"; };
		020FE45919C4E62F00710310 /* KMNWebViewController.h */ = {isa = PBXFileReference; fileEncoding = 4; lastKnownFileType = sourcecode.c.h; path = KMNWebViewController.h; sourceTree = "<group>"; };
		020FE45A19C4E62F00710310 /* KMNWebViewController.m */ = {isa = PBXFileReference; fileEncoding = 4; lastKnownFileType = sourcecode.c.objc; path = KMNWebViewController.m; sourceTree = "<group>"; };
/* End PBXFileReference section */

/* Begin PBXFrameworksBuildPhase section */
		020FE42119C4CE4B00710310 /* Frameworks */ = {
			isa = PBXFrameworksBuildPhase;
			buildActionMask = 2147483647;
			files = (
				020FE42A19C4CE4B00710310 /* CoreGraphics.framework in Frameworks */,
				020FE42C19C4CE4B00710310 /* UIKit.framework in Frameworks */,
				020FE42819C4CE4B00710310 /* Foundation.framework in Frameworks */,
			);
			runOnlyForDeploymentPostprocessing = 0;
		};
		020FE43C19C4CE4B00710310 /* Frameworks */ = {
			isa = PBXFrameworksBuildPhase;
			buildActionMask = 2147483647;
			files = (
				020FE44119C4CE4B00710310 /* XCTest.framework in Frameworks */,
				020FE44319C4CE4B00710310 /* UIKit.framework in Frameworks */,
				020FE44219C4CE4B00710310 /* Foundation.framework in Frameworks */,
			);
			runOnlyForDeploymentPostprocessing = 0;
		};
/* End PBXFrameworksBuildPhase section */

/* Begin PBXGroup section */
		020FE41B19C4CE4B00710310 = {
			isa = PBXGroup;
			children = (
				020FE42D19C4CE4B00710310 /* Nerdfeed */,
				020FE44619C4CE4B00710310 /* NerdfeedTests */,
				020FE42619C4CE4B00710310 /* Frameworks */,
				020FE42519C4CE4B00710310 /* Products */,
			);
			sourceTree = "<group>";
		};
		020FE42519C4CE4B00710310 /* Products */ = {
			isa = PBXGroup;
			children = (
				020FE42419C4CE4B00710310 /* Nerdfeed.app */,
				020FE43F19C4CE4B00710310 /* NerdfeedTests.xctest */,
			);
			name = Products;
			sourceTree = "<group>";
		};
		020FE42619C4CE4B00710310 /* Frameworks */ = {
			isa = PBXGroup;
			children = (
				020FE42719C4CE4B00710310 /* Foundation.framework */,
				020FE42919C4CE4B00710310 /* CoreGraphics.framework */,
				020FE42B19C4CE4B00710310 /* UIKit.framework */,
				020FE44019C4CE4B00710310 /* XCTest.framework */,
			);
			name = Frameworks;
			sourceTree = "<group>";
		};
		020FE42D19C4CE4B00710310 /* Nerdfeed */ = {
			isa = PBXGroup;
			children = (
				020FE43619C4CE4B00710310 /* KMNAppDelegate.h */,
				020FE43719C4CE4B00710310 /* KMNAppDelegate.m */,
				020FE45619C4CE7600710310 /* KMNCoursesViewController.h */,
				020FE45719C4CE7600710310 /* KMNCoursesViewController.m */,
				020FE45919C4E62F00710310 /* KMNWebViewController.h */,
				020FE45A19C4E62F00710310 /* KMNWebViewController.m */,
				020FE43919C4CE4B00710310 /* Images.xcassets */,
				020FE42E19C4CE4B00710310 /* Supporting Files */,
			);
			path = Nerdfeed;
			sourceTree = "<group>";
		};
		020FE42E19C4CE4B00710310 /* Supporting Files */ = {
			isa = PBXGroup;
			children = (
				020FE42F19C4CE4B00710310 /* Nerdfeed-Info.plist */,
				020FE43019C4CE4B00710310 /* InfoPlist.strings */,
				020FE43319C4CE4B00710310 /* main.m */,
				020FE43519C4CE4B00710310 /* Nerdfeed-Prefix.pch */,
			);
			name = "Supporting Files";
			sourceTree = "<group>";
		};
		020FE44619C4CE4B00710310 /* NerdfeedTests */ = {
			isa = PBXGroup;
			children = (
				020FE44C19C4CE4B00710310 /* NerdfeedTests.m */,
				020FE44719C4CE4B00710310 /* Supporting Files */,
			);
			path = NerdfeedTests;
			sourceTree = "<group>";
		};
		020FE44719C4CE4B00710310 /* Supporting Files */ = {
			isa = PBXGroup;
			children = (
				020FE44819C4CE4B00710310 /* NerdfeedTests-Info.plist */,
				020FE44919C4CE4B00710310 /* InfoPlist.strings */,
			);
			name = "Supporting Files";
			sourceTree = "<group>";
		};
/* End PBXGroup section */

/* Begin PBXNativeTarget section */
		020FE42319C4CE4B00710310 /* Nerdfeed */ = {
			isa = PBXNativeTarget;
			buildConfigurationList = 020FE45019C4CE4B00710310 /* Build configuration list for PBXNativeTarget "Nerdfeed" */;
			buildPhases = (
				020FE42019C4CE4B00710310 /* Sources */,
				020FE42119C4CE4B00710310 /* Frameworks */,
				020FE42219C4CE4B00710310 /* Resources */,
			);
			buildRules = (
			);
			dependencies = (
			);
			name = Nerdfeed;
			productName = Nerdfeed;
			productReference = 020FE42419C4CE4B00710310 /* Nerdfeed.app */;
			productType = "com.apple.product-type.application";
		};
		020FE43E19C4CE4B00710310 /* NerdfeedTests */ = {
			isa = PBXNativeTarget;
			buildConfigurationList = 020FE45319C4CE4B00710310 /* Build configuration list for PBXNativeTarget "NerdfeedTests" */;
			buildPhases = (
				020FE43B19C4CE4B00710310 /* Sources */,
				020FE43C19C4CE4B00710310 /* Frameworks */,
				020FE43D19C4CE4B00710310 /* Resources */,
			);
			buildRules = (
			);
			dependencies = (
				020FE44519C4CE4B00710310 /* PBXTargetDependency */,
			);
			name = NerdfeedTests;
			productName = NerdfeedTests;
			productReference = 020FE43F19C4CE4B00710310 /* NerdfeedTests.xctest */;
			productType = "com.apple.product-type.bundle.unit-test";
		};
/* End PBXNativeTarget section */

/* Begin PBXProject section */
		020FE41C19C4CE4B00710310 /* Project object */ = {
			isa = PBXProject;
			attributes = {
				CLASSPREFIX = KMN;
				LastUpgradeCheck = 0510;
				ORGANIZATIONNAME = "Michael Nwani";
				TargetAttributes = {
					020FE43E19C4CE4B00710310 = {
						TestTargetID = 020FE42319C4CE4B00710310;
					};
				};
			};
			buildConfigurationList = 020FE41F19C4CE4B00710310 /* Build configuration list for PBXProject "Nerdfeed" */;
			compatibilityVersion = "Xcode 3.2";
			developmentRegion = English;
			hasScannedForEncodings = 0;
			knownRegions = (
				en,
			);
			mainGroup = 020FE41B19C4CE4B00710310;
			productRefGroup = 020FE42519C4CE4B00710310 /* Products */;
			projectDirPath = "";
			projectRoot = "";
			targets = (
				020FE42319C4CE4B00710310 /* Nerdfeed */,
				020FE43E19C4CE4B00710310 /* NerdfeedTests */,
			);
		};
/* End PBXProject section */

/* Begin PBXResourcesBuildPhase section */
		020FE42219C4CE4B00710310 /* Resources */ = {
			isa = PBXResourcesBuildPhase;
			buildActionMask = 2147483647;
			files = (
				020FE43219C4CE4B00710310 /* InfoPlist.strings in Resources */,
				020FE43A19C4CE4B00710310 /* Images.xcassets in Resources */,
			);
			runOnlyForDeploymentPostprocessing = 0;
		};
		020FE43D19C4CE4B00710310 /* Resources */ = {
			isa = PBXResourcesBuildPhase;
			buildActionMask = 2147483647;
			files = (
				020FE44B19C4CE4B00710310 /* InfoPlist.strings in Resources */,
			);
			runOnlyForDeploymentPostprocessing = 0;
		};
/* End PBXResourcesBuildPhase section */

/* Begin PBXSourcesBuildPhase section */
		020FE42019C4CE4B00710310 /* Sources */ = {
			isa = PBXSourcesBuildPhase;
			buildActionMask = 2147483647;
			files = (
				020FE45B19C4E62F00710310 /* KMNWebViewController.m in Sources */,
				020FE43419C4CE4B00710310 /* main.m in Sources */,
				020FE43819C4CE4B00710310 /* KMNAppDelegate.m in Sources */,
				020FE45819C4CE7600710310 /* KMNCoursesViewController.m in Sources */,
			);
			runOnlyForDeploymentPostprocessing = 0;
		};
		020FE43B19C4CE4B00710310 /* Sources */ = {
			isa = PBXSourcesBuildPhase;
			buildActionMask = 2147483647;
			files = (
				020FE44D19C4CE4B00710310 /* NerdfeedTests.m in Sources */,
			);
			runOnlyForDeploymentPostprocessing = 0;
		};
/* End PBXSourcesBuildPhase section */

/* Begin PBXTargetDependency section */
		020FE44519C4CE4B00710310 /* PBXTargetDependency */ = {
			isa = PBXTargetDependency;
			target = 020FE42319C4CE4B00710310 /* Nerdfeed */;
			targetProxy = 020FE44419C4CE4B00710310 /* PBXContainerItemProxy */;
		};
/* End PBXTargetDependency section */

/* Begin PBXVariantGroup section */
		020FE43019C4CE4B00710310 /* InfoPlist.strings */ = {
			isa = PBXVariantGroup;
			children = (
				020FE43119C4CE4B00710310 /* en */,
			);
			name = InfoPlist.strings;
			sourceTree = "<group>";
		};
		020FE44919C4CE4B00710310 /* InfoPlist.strings */ = {
			isa = PBXVariantGroup;
			children = (
				020FE44A19C4CE4B00710310 /* en */,
			);
			name = InfoPlist.strings;
			sourceTree = "<group>";
		};
/* End PBXVariantGroup section */

/* Begin XCBuildConfiguration section */
		020FE44E19C4CE4B00710310 /* Debug */ = {
			isa = XCBuildConfiguration;
			buildSettings = {
				ALWAYS_SEARCH_USER_PATHS = NO;
				CLANG_CXX_LANGUAGE_STANDARD = "gnu++0x";
				CLANG_CXX_LIBRARY = "libc++";
				CLANG_ENABLE_MODULES = YES;
				CLANG_ENABLE_OBJC_ARC = YES;
				CLANG_WARN_BOOL_CONVERSION = YES;
				CLANG_WARN_CONSTANT_CONVERSION = YES;
				CLANG_WARN_DIRECT_OBJC_ISA_USAGE = YES_ERROR;
				CLANG_WARN_EMPTY_BODY = YES;
				CLANG_WARN_ENUM_CONVERSION = YES;
				CLANG_WARN_INT_CONVERSION = YES;
				CLANG_WARN_OBJC_ROOT_CLASS = YES_ERROR;
				CLANG_WARN__DUPLICATE_METHOD_MATCH = YES;
				"CODE_SIGN_IDENTITY[sdk=iphoneos*]" = "iPhone Developer";
				COPY_PHASE_STRIP = NO;
				GCC_C_LANGUAGE_STANDARD = gnu99;
				GCC_DYNAMIC_NO_PIC = NO;
				GCC_OPTIMIZATION_LEVEL = 0;
				GCC_PREPROCESSOR_DEFINITIONS = (
					"DEBUG=1",
					"$(inherited)",
				);
				GCC_SYMBOLS_PRIVATE_EXTERN = NO;
				GCC_WARN_64_TO_32_BIT_CONVERSION = YES;
				GCC_WARN_ABOUT_RETURN_TYPE = YES_ERROR;
				GCC_WARN_UNDECLARED_SELECTOR = YES;
				GCC_WARN_UNINITIALIZED_AUTOS = YES_AGGRESSIVE;
				GCC_WARN_UNUSED_FUNCTION = YES;
				GCC_WARN_UNUSED_VARIABLE = YES;
				IPHONEOS_DEPLOYMENT_TARGET = 7.1;
				ONLY_ACTIVE_ARCH = YES;
				SDKROOT = iphoneos;
				TARGETED_DEVICE_FAMILY = 2;
			};
			name = Debug;
		};
		020FE44F19C4CE4B00710310 /* Release */ = {
			isa = XCBuildConfiguration;
			buildSettings = {
				ALWAYS_SEARCH_USER_PATHS = NO;
				CLANG_CXX_LANGUAGE_STANDARD = "gnu++0x";
				CLANG_CXX_LIBRARY = "libc++";
				CLANG_ENABLE_MODULES = YES;
				CLANG_ENABLE_OBJC_ARC = YES;
				CLANG_WARN_BOOL_CONVERSION = YES;
				CLANG_WARN_CONSTANT_CONVERSION = YES;
				CLANG_WARN_DIRECT_OBJC_ISA_USAGE = YES_ERROR;
				CLANG_WARN_EMPTY_BODY = YES;
				CLANG_WARN_ENUM_CONVERSION = YES;
				CLANG_WARN_INT_CONVERSION = YES;
				CLANG_WARN_OBJC_ROOT_CLASS = YES_ERROR;
				CLANG_WARN__DUPLICATE_METHOD_MATCH = YES;
				"CODE_SIGN_IDENTITY[sdk=iphoneos*]" = "iPhone Developer";
				COPY_PHASE_STRIP = YES;
				ENABLE_NS_ASSERTIONS = NO;
				GCC_C_LANGUAGE_STANDARD = gnu99;
				GCC_WARN_64_TO_32_BIT_CONVERSION = YES;
				GCC_WARN_ABOUT_RETURN_TYPE = YES_ERROR;
				GCC_WARN_UNDECLARED_SELECTOR = YES;
				GCC_WARN_UNINITIALIZED_AUTOS = YES_AGGRESSIVE;
				GCC_WARN_UNUSED_FUNCTION = YES;
				GCC_WARN_UNUSED_VARIABLE = YES;
				IPHONEOS_DEPLOYMENT_TARGET = 7.1;
				SDKROOT = iphoneos;
				TARGETED_DEVICE_FAMILY = 2;
				VALIDATE_PRODUCT = YES;
			};
			name = Release;
		};
		020FE45119C4CE4B00710310 /* Debug */ = {
			isa = XCBuildConfiguration;
			buildSettings = {
				ASSETCATALOG_COMPILER_APPICON_NAME = AppIcon;
				ASSETCATALOG_COMPILER_LAUNCHIMAGE_NAME = LaunchImage;
				GCC_PRECOMPILE_PREFIX_HEADER = YES;
				GCC_PREFIX_HEADER = "Nerdfeed/Nerdfeed-Prefix.pch";
				INFOPLIST_FILE = "Nerdfeed/Nerdfeed-Info.plist";
				PRODUCT_NAME = "$(TARGET_NAME)";
				WRAPPER_EXTENSION = app;
			};
			name = Debug;
		};
		020FE45219C4CE4B00710310 /* Release */ = {
			isa = XCBuildConfiguration;
			buildSettings = {
				ASSETCATALOG_COMPILER_APPICON_NAME = AppIcon;
				ASSETCATALOG_COMPILER_LAUNCHIMAGE_NAME = LaunchImage;
				GCC_PRECOMPILE_PREFIX_HEADER = YES;
				GCC_PREFIX_HEADER = "Nerdfeed/Nerdfeed-Prefix.pch";
				INFOPLIST_FILE = "Nerdfeed/Nerdfeed-Info.plist";
				PRODUCT_NAME = "$(TARGET_NAME)";
				WRAPPER_EXTENSION = app;
			};
			name = Release;
		};
		020FE45419C4CE4B00710310 /* Debug */ = {
			isa = XCBuildConfiguration;
			buildSettings = {
				BUNDLE_LOADER = "$(BUILT_PRODUCTS_DIR)/Nerdfeed.app/Nerdfeed";
				FRAMEWORK_SEARCH_PATHS = (
					"$(SDKROOT)/Developer/Library/Frameworks",
					"$(inherited)",
					"$(DEVELOPER_FRAMEWORKS_DIR)",
				);
				GCC_PRECOMPILE_PREFIX_HEADER = YES;
				GCC_PREFIX_HEADER = "Nerdfeed/Nerdfeed-Prefix.pch";
				GCC_PREPROCESSOR_DEFINITIONS = (
					"DEBUG=1",
					"$(inherited)",
				);
				INFOPLIST_FILE = "NerdfeedTests/NerdfeedTests-Info.plist";
				PRODUCT_NAME = "$(TARGET_NAME)";
				TEST_HOST = "$(BUNDLE_LOADER)";
				WRAPPER_EXTENSION = xctest;
			};
			name = Debug;
		};
		020FE45519C4CE4B00710310 /* Release */ = {
			isa = XCBuildConfiguration;
			buildSettings = {
				BUNDLE_LOADER = "$(BUILT_PRODUCTS_DIR)/Nerdfeed.app/Nerdfeed";
				FRAMEWORK_SEARCH_PATHS = (
					"$(SDKROOT)/Developer/Library/Frameworks",
					"$(inherited)",
					"$(DEVELOPER_FRAMEWORKS_DIR)",
				);
				GCC_PRECOMPILE_PREFIX_HEADER = YES;
				GCC_PREFIX_HEADER = "Nerdfeed/Nerdfeed-Prefix.pch";
				INFOPLIST_FILE = "NerdfeedTests/NerdfeedTests-Info.plist";
				PRODUCT_NAME = "$(TARGET_NAME)";
				TEST_HOST = "$(BUNDLE_LOADER)";
				WRAPPER_EXTENSION = xctest;
			};
			name = Release;
		};
/* End XCBuildConfiguration section */

/* Begin XCConfigurationList section */
		020FE41F19C4CE4B00710310 /* Build configuration list for PBXProject "Nerdfeed" */ = {
			isa = XCConfigurationList;
			buildConfigurations = (
				020FE44E19C4CE4B00710310 /* Debug */,
				020FE44F19C4CE4B00710310 /* Release */,
			);
			defaultConfigurationIsVisible = 0;
			defaultConfigurationName = Release;
		};
		020FE45019C4CE4B00710310 /* Build configuration list for PBXNativeTarget "Nerdfeed" */ = {
			isa = XCConfigurationList;
			buildConfigurations = (
				020FE45119C4CE4B00710310 /* Debug */,
				020FE45219C4CE4B00710310 /* Release */,
			);
			defaultConfigurationIsVisible = 0;
		};
		020FE45319C4CE4B00710310 /* Build configuration list for PBXNativeTarget "NerdfeedTests" */ = {
			isa = XCConfigurationList;
			buildConfigurations = (
				020FE45419C4CE4B00710310 /* Debug */,
				020FE45519C4CE4B00710310 /* Release */,
			);
			defaultConfigurationIsVisible = 0;
		};
/* End XCConfigurationList section */
	};
	rootObject = 020FE41C19C4CE4B00710310 /* Project object */;
}
