// !$*UTF8*$!
{
	archiveVersion = 1;
	classes = {
	};
	objectVersion = 46;
	objects = {

/* Begin PBXBuildFile section */
		02151A8719BD1F9000B3A5E5 /* HeaderView.xib in Resources */ = {isa = PBXBuildFile; fileRef = 02151A8619BD1F9000B3A5E5 /* HeaderView.xib */; };
		02EA47D619BCDCD700554C10 /* Foundation.framework in Frameworks */ = {isa = PBXBuildFile; fileRef = 02EA47D519BCDCD700554C10 /* Foundation.framework */; };
		02EA47D819BCDCD700554C10 /* CoreGraphics.framework in Frameworks */ = {isa = PBXBuildFile; fileRef = 02EA47D719BCDCD700554C10 /* CoreGraphics.framework */; };
		02EA47DA19BCDCD700554C10 /* UIKit.framework in Frameworks */ = {isa = PBXBuildFile; fileRef = 02EA47D919BCDCD700554C10 /* UIKit.framework */; };
		02EA47E019BCDCD700554C10 /* InfoPlist.strings in Resources */ = {isa = PBXBuildFile; fileRef = 02EA47DE19BCDCD700554C10 /* InfoPlist.strings */; };
		02EA47E219BCDCD700554C10 /* main.m in Sources */ = {isa = PBXBuildFile; fileRef = 02EA47E119BCDCD700554C10 /* main.m */; };
		02EA47E619BCDCD700554C10 /* KMNAppDelegate.m in Sources */ = {isa = PBXBuildFile; fileRef = 02EA47E519BCDCD700554C10 /* KMNAppDelegate.m */; };
		02EA47E819BCDCD700554C10 /* Images.xcassets in Resources */ = {isa = PBXBuildFile; fileRef = 02EA47E719BCDCD700554C10 /* Images.xcassets */; };
		02EA47EF19BCDCD700554C10 /* XCTest.framework in Frameworks */ = {isa = PBXBuildFile; fileRef = 02EA47EE19BCDCD700554C10 /* XCTest.framework */; };
		02EA47F019BCDCD700554C10 /* Foundation.framework in Frameworks */ = {isa = PBXBuildFile; fileRef = 02EA47D519BCDCD700554C10 /* Foundation.framework */; };
		02EA47F119BCDCD700554C10 /* UIKit.framework in Frameworks */ = {isa = PBXBuildFile; fileRef = 02EA47D919BCDCD700554C10 /* UIKit.framework */; };
		02EA47F919BCDCD700554C10 /* InfoPlist.strings in Resources */ = {isa = PBXBuildFile; fileRef = 02EA47F719BCDCD700554C10 /* InfoPlist.strings */; };
		02EA47FB19BCDCD700554C10 /* HomepwnerTests.m in Sources */ = {isa = PBXBuildFile; fileRef = 02EA47FA19BCDCD700554C10 /* HomepwnerTests.m */; };
		02EA480619BCE6FB00554C10 /* KMNItemsViewController.m in Sources */ = {isa = PBXBuildFile; fileRef = 02EA480519BCE6FB00554C10 /* KMNItemsViewController.m */; };
		02EA480919BCEE8800554C10 /* MNItem.m in Sources */ = {isa = PBXBuildFile; fileRef = 02EA480819BCEE8800554C10 /* MNItem.m */; };
		02EA480C19BCF45C00554C10 /* KMNItemStore.m in Sources */ = {isa = PBXBuildFile; fileRef = 02EA480B19BCF45C00554C10 /* KMNItemStore.m */; };
		02EF8FEE19BE637100432255 /* KMNDetailViewController.m in Sources */ = {isa = PBXBuildFile; fileRef = 02EF8FEC19BE637100432255 /* KMNDetailViewController.m */; };
		02EF8FEF19BE637100432255 /* KMNDetailViewController.xib in Resources */ = {isa = PBXBuildFile; fileRef = 02EF8FED19BE637100432255 /* KMNDetailViewController.xib */; };
		02EF8FF219BE9BD300432255 /* KMNImageStore.m in Sources */ = {isa = PBXBuildFile; fileRef = 02EF8FF119BE9BD300432255 /* KMNImageStore.m */; };
		02F8169719C3D8FC00548C36 /* KMNItemCell.m in Sources */ = {isa = PBXBuildFile; fileRef = 02F8169619C3D8FC00548C36 /* KMNItemCell.m */; };
		02F8169919C3DB8F00548C36 /* KMNItemCell.xib in Resources */ = {isa = PBXBuildFile; fileRef = 02F8169819C3DB8F00548C36 /* KMNItemCell.xib */; };
		02F8169C19C3F76500548C36 /* KMNImageViewController.m in Sources */ = {isa = PBXBuildFile; fileRef = 02F8169B19C3F76500548C36 /* KMNImageViewController.m */; };
/* End PBXBuildFile section */

/* Begin PBXContainerItemProxy section */
		02EA47F219BCDCD700554C10 /* PBXContainerItemProxy */ = {
			isa = PBXContainerItemProxy;
			containerPortal = 02EA47CA19BCDCD700554C10 /* Project object */;
			proxyType = 1;
			remoteGlobalIDString = 02EA47D119BCDCD700554C10;
			remoteInfo = Homepwner;
		};
/* End PBXContainerItemProxy section */

/* Begin PBXFileReference section */
		02151A8619BD1F9000B3A5E5 /* HeaderView.xib */ = {isa = PBXFileReference; fileEncoding = 4; lastKnownFileType = file.xib; path = HeaderView.xib; sourceTree = "<group>"; };
		02EA47D219BCDCD700554C10 /* Homepwner.app */ = {isa = PBXFileReference; explicitFileType = wrapper.application; includeInIndex = 0; path = Homepwner.app; sourceTree = BUILT_PRODUCTS_DIR; };
		02EA47D519BCDCD700554C10 /* Foundation.framework */ = {isa = PBXFileReference; lastKnownFileType = wrapper.framework; name = Foundation.framework; path = System/Library/Frameworks/Foundation.framework; sourceTree = SDKROOT; };
		02EA47D719BCDCD700554C10 /* CoreGraphics.framework */ = {isa = PBXFileReference; lastKnownFileType = wrapper.framework; name = CoreGraphics.framework; path = System/Library/Frameworks/CoreGraphics.framework; sourceTree = SDKROOT; };
		02EA47D919BCDCD700554C10 /* UIKit.framework */ = {isa = PBXFileReference; lastKnownFileType = wrapper.framework; name = UIKit.framework; path = System/Library/Frameworks/UIKit.framework; sourceTree = SDKROOT; };
		02EA47DD19BCDCD700554C10 /* Homepwner-Info.plist */ = {isa = PBXFileReference; lastKnownFileType = text.plist.xml; path = "Homepwner-Info.plist"; sourceTree = "<group>"; };
		02EA47DF19BCDCD700554C10 /* en */ = {isa = PBXFileReference; lastKnownFileType = text.plist.strings; name = en; path = en.lproj/InfoPlist.strings; sourceTree = "<group>"; };
		02EA47E119BCDCD700554C10 /* main.m */ = {isa = PBXFileReference; lastKnownFileType = sourcecode.c.objc; path = main.m; sourceTree = "<group>"; };
		02EA47E319BCDCD700554C10 /* Homepwner-Prefix.pch */ = {isa = PBXFileReference; lastKnownFileType = sourcecode.c.h; path = "Homepwner-Prefix.pch"; sourceTree = "<group>"; };
		02EA47E419BCDCD700554C10 /* KMNAppDelegate.h */ = {isa = PBXFileReference; lastKnownFileType = sourcecode.c.h; path = KMNAppDelegate.h; sourceTree = "<group>"; };
		02EA47E519BCDCD700554C10 /* KMNAppDelegate.m */ = {isa = PBXFileReference; lastKnownFileType = sourcecode.c.objc; path = KMNAppDelegate.m; sourceTree = "<group>"; };
		02EA47E719BCDCD700554C10 /* Images.xcassets */ = {isa = PBXFileReference; lastKnownFileType = folder.assetcatalog; path = Images.xcassets; sourceTree = "<group>"; };
		02EA47ED19BCDCD700554C10 /* HomepwnerTests.xctest */ = {isa = PBXFileReference; explicitFileType = wrapper.cfbundle; includeInIndex = 0; path = HomepwnerTests.xctest; sourceTree = BUILT_PRODUCTS_DIR; };
		02EA47EE19BCDCD700554C10 /* XCTest.framework */ = {isa = PBXFileReference; lastKnownFileType = wrapper.framework; name = XCTest.framework; path = Library/Frameworks/XCTest.framework; sourceTree = DEVELOPER_DIR; };
		02EA47F619BCDCD700554C10 /* HomepwnerTests-Info.plist */ = {isa = PBXFileReference; lastKnownFileType = text.plist.xml; path = "HomepwnerTests-Info.plist"; sourceTree = "<group>"; };
		02EA47F819BCDCD700554C10 /* en */ = {isa = PBXFileReference; lastKnownFileType = text.plist.strings; name = en; path = en.lproj/InfoPlist.strings; sourceTree = "<group>"; };
		02EA47FA19BCDCD700554C10 /* HomepwnerTests.m */ = {isa = PBXFileReference; lastKnownFileType = sourcecode.c.objc; path = HomepwnerTests.m; sourceTree = "<group>"; };
		02EA480419BCE6FB00554C10 /* KMNItemsViewController.h */ = {isa = PBXFileReference; fileEncoding = 4; lastKnownFileType = sourcecode.c.h; path = KMNItemsViewController.h; sourceTree = "<group>"; };
		02EA480519BCE6FB00554C10 /* KMNItemsViewController.m */ = {isa = PBXFileReference; fileEncoding = 4; lastKnownFileType = sourcecode.c.objc; path = KMNItemsViewController.m; sourceTree = "<group>"; };
		02EA480719BCEE8800554C10 /* MNItem.h */ = {isa = PBXFileReference; fileEncoding = 4; lastKnownFileType = sourcecode.c.h; path = MNItem.h; sourceTree = "<group>"; };
		02EA480819BCEE8800554C10 /* MNItem.m */ = {isa = PBXFileReference; fileEncoding = 4; lastKnownFileType = sourcecode.c.objc; path = MNItem.m; sourceTree = "<group>"; };
		02EA480A19BCF45B00554C10 /* KMNItemStore.h */ = {isa = PBXFileReference; fileEncoding = 4; lastKnownFileType = sourcecode.c.h; path = KMNItemStore.h; sourceTree = "<group>"; };
		02EA480B19BCF45C00554C10 /* KMNItemStore.m */ = {isa = PBXFileReference; fileEncoding = 4; lastKnownFileType = sourcecode.c.objc; path = KMNItemStore.m; sourceTree = "<group>"; };
		02EF8FEB19BE637100432255 /* KMNDetailViewController.h */ = {isa = PBXFileReference; fileEncoding = 4; lastKnownFileType = sourcecode.c.h; path = KMNDetailViewController.h; sourceTree = "<group>"; };
		02EF8FEC19BE637100432255 /* KMNDetailViewController.m */ = {isa = PBXFileReference; fileEncoding = 4; lastKnownFileType = sourcecode.c.objc; path = KMNDetailViewController.m; sourceTree = "<group>"; };
		02EF8FED19BE637100432255 /* KMNDetailViewController.xib */ = {isa = PBXFileReference; fileEncoding = 4; lastKnownFileType = file.xib; path = KMNDetailViewController.xib; sourceTree = "<group>"; };
		02EF8FF019BE9BD300432255 /* KMNImageStore.h */ = {isa = PBXFileReference; fileEncoding = 4; lastKnownFileType = sourcecode.c.h; path = KMNImageStore.h; sourceTree = "<group>"; };
		02EF8FF119BE9BD300432255 /* KMNImageStore.m */ = {isa = PBXFileReference; fileEncoding = 4; lastKnownFileType = sourcecode.c.objc; path = KMNImageStore.m; sourceTree = "<group>"; };
		02F8169519C3D8FB00548C36 /* KMNItemCell.h */ = {isa = PBXFileReference; fileEncoding = 4; lastKnownFileType = sourcecode.c.h; path = KMNItemCell.h; sourceTree = "<group>"; };
		02F8169619C3D8FC00548C36 /* KMNItemCell.m */ = {isa = PBXFileReference; fileEncoding = 4; lastKnownFileType = sourcecode.c.objc; path = KMNItemCell.m; sourceTree = "<group>"; };
		02F8169819C3DB8F00548C36 /* KMNItemCell.xib */ = {isa = PBXFileReference; fileEncoding = 4; lastKnownFileType = file.xib; path = KMNItemCell.xib; sourceTree = "<group>"; };
		02F8169A19C3F76500548C36 /* KMNImageViewController.h */ = {isa = PBXFileReference; fileEncoding = 4; lastKnownFileType = sourcecode.c.h; name = KMNImageViewController.h; path = ../KMNImageViewController.h; sourceTree = "<group>"; };
		02F8169B19C3F76500548C36 /* KMNImageViewController.m */ = {isa = PBXFileReference; fileEncoding = 4; lastKnownFileType = sourcecode.c.objc; name = KMNImageViewController.m; path = ../KMNImageViewController.m; sourceTree = "<group>"; };
/* End PBXFileReference section */

/* Begin PBXFrameworksBuildPhase section */
		02EA47CF19BCDCD700554C10 /* Frameworks */ = {
			isa = PBXFrameworksBuildPhase;
			buildActionMask = 2147483647;
			files = (
				02EA47D819BCDCD700554C10 /* CoreGraphics.framework in Frameworks */,
				02EA47DA19BCDCD700554C10 /* UIKit.framework in Frameworks */,
				02EA47D619BCDCD700554C10 /* Foundation.framework in Frameworks */,
			);
			runOnlyForDeploymentPostprocessing = 0;
		};
		02EA47EA19BCDCD700554C10 /* Frameworks */ = {
			isa = PBXFrameworksBuildPhase;
			buildActionMask = 2147483647;
			files = (
				02EA47EF19BCDCD700554C10 /* XCTest.framework in Frameworks */,
				02EA47F119BCDCD700554C10 /* UIKit.framework in Frameworks */,
				02EA47F019BCDCD700554C10 /* Foundation.framework in Frameworks */,
			);
			runOnlyForDeploymentPostprocessing = 0;
		};
/* End PBXFrameworksBuildPhase section */

/* Begin PBXGroup section */
		02EA47C919BCDCD700554C10 = {
			isa = PBXGroup;
			children = (
				02EA47DB19BCDCD700554C10 /* Homepwner */,
				02EA47F419BCDCD700554C10 /* HomepwnerTests */,
				02EA47D419BCDCD700554C10 /* Frameworks */,
				02EA47D319BCDCD700554C10 /* Products */,
			);
			sourceTree = "<group>";
		};
		02EA47D319BCDCD700554C10 /* Products */ = {
			isa = PBXGroup;
			children = (
				02EA47D219BCDCD700554C10 /* Homepwner.app */,
				02EA47ED19BCDCD700554C10 /* HomepwnerTests.xctest */,
			);
			name = Products;
			sourceTree = "<group>";
		};
		02EA47D419BCDCD700554C10 /* Frameworks */ = {
			isa = PBXGroup;
			children = (
				02EA47D519BCDCD700554C10 /* Foundation.framework */,
				02EA47D719BCDCD700554C10 /* CoreGraphics.framework */,
				02EA47D919BCDCD700554C10 /* UIKit.framework */,
				02EA47EE19BCDCD700554C10 /* XCTest.framework */,
			);
			name = Frameworks;
			sourceTree = "<group>";
		};
		02EA47DB19BCDCD700554C10 /* Homepwner */ = {
			isa = PBXGroup;
			children = (
				02EA47E419BCDCD700554C10 /* KMNAppDelegate.h */,
				02EA47E519BCDCD700554C10 /* KMNAppDelegate.m */,
				02EA480719BCEE8800554C10 /* MNItem.h */,
				02EA480819BCEE8800554C10 /* MNItem.m */,
				02EA480419BCE6FB00554C10 /* KMNItemsViewController.h */,
				02EA480519BCE6FB00554C10 /* KMNItemsViewController.m */,
				02151A8619BD1F9000B3A5E5 /* HeaderView.xib */,
				02EA480A19BCF45B00554C10 /* KMNItemStore.h */,
				02EA480B19BCF45C00554C10 /* KMNItemStore.m */,
				02EF8FEB19BE637100432255 /* KMNDetailViewController.h */,
				02EF8FEC19BE637100432255 /* KMNDetailViewController.m */,
				02EF8FED19BE637100432255 /* KMNDetailViewController.xib */,
				02EF8FF019BE9BD300432255 /* KMNImageStore.h */,
				02EF8FF119BE9BD300432255 /* KMNImageStore.m */,
				02F8169519C3D8FB00548C36 /* KMNItemCell.h */,
				02F8169619C3D8FC00548C36 /* KMNItemCell.m */,
				02F8169819C3DB8F00548C36 /* KMNItemCell.xib */,
				02F8169A19C3F76500548C36 /* KMNImageViewController.h */,
				02F8169B19C3F76500548C36 /* KMNImageViewController.m */,
				02EA47E719BCDCD700554C10 /* Images.xcassets */,
				02EA47DC19BCDCD700554C10 /* Supporting Files */,
			);
			path = Homepwner;
			sourceTree = "<group>";
		};
		02EA47DC19BCDCD700554C10 /* Supporting Files */ = {
			isa = PBXGroup;
			children = (
				02EA47DD19BCDCD700554C10 /* Homepwner-Info.plist */,
				02EA47DE19BCDCD700554C10 /* InfoPlist.strings */,
				02EA47E119BCDCD700554C10 /* main.m */,
				02EA47E319BCDCD700554C10 /* Homepwner-Prefix.pch */,
			);
			name = "Supporting Files";
			sourceTree = "<group>";
		};
		02EA47F419BCDCD700554C10 /* HomepwnerTests */ = {
			isa = PBXGroup;
			children = (
				02EA47FA19BCDCD700554C10 /* HomepwnerTests.m */,
				02EA47F519BCDCD700554C10 /* Supporting Files */,
			);
			path = HomepwnerTests;
			sourceTree = "<group>";
		};
		02EA47F519BCDCD700554C10 /* Supporting Files */ = {
			isa = PBXGroup;
			children = (
				02EA47F619BCDCD700554C10 /* HomepwnerTests-Info.plist */,
				02EA47F719BCDCD700554C10 /* InfoPlist.strings */,
			);
			name = "Supporting Files";
			sourceTree = "<group>";
		};
/* End PBXGroup section */

/* Begin PBXNativeTarget section */
		02EA47D119BCDCD700554C10 /* Homepwner */ = {
			isa = PBXNativeTarget;
			buildConfigurationList = 02EA47FE19BCDCD700554C10 /* Build configuration list for PBXNativeTarget "Homepwner" */;
			buildPhases = (
				02EA47CE19BCDCD700554C10 /* Sources */,
				02EA47CF19BCDCD700554C10 /* Frameworks */,
				02EA47D019BCDCD700554C10 /* Resources */,
			);
			buildRules = (
			);
			dependencies = (
			);
			name = Homepwner;
			productName = Homepwner;
			productReference = 02EA47D219BCDCD700554C10 /* Homepwner.app */;
			productType = "com.apple.product-type.application";
		};
		02EA47EC19BCDCD700554C10 /* HomepwnerTests */ = {
			isa = PBXNativeTarget;
			buildConfigurationList = 02EA480119BCDCD700554C10 /* Build configuration list for PBXNativeTarget "HomepwnerTests" */;
			buildPhases = (
				02EA47E919BCDCD700554C10 /* Sources */,
				02EA47EA19BCDCD700554C10 /* Frameworks */,
				02EA47EB19BCDCD700554C10 /* Resources */,
			);
			buildRules = (
			);
			dependencies = (
				02EA47F319BCDCD700554C10 /* PBXTargetDependency */,
			);
			name = HomepwnerTests;
			productName = HomepwnerTests;
			productReference = 02EA47ED19BCDCD700554C10 /* HomepwnerTests.xctest */;
			productType = "com.apple.product-type.bundle.unit-test";
		};
/* End PBXNativeTarget section */

/* Begin PBXProject section */
		02EA47CA19BCDCD700554C10 /* Project object */ = {
			isa = PBXProject;
			attributes = {
				CLASSPREFIX = KMN;
				LastUpgradeCheck = 0510;
				ORGANIZATIONNAME = "Michael Nwani";
				TargetAttributes = {
					02EA47EC19BCDCD700554C10 = {
						TestTargetID = 02EA47D119BCDCD700554C10;
					};
				};
			};
			buildConfigurationList = 02EA47CD19BCDCD700554C10 /* Build configuration list for PBXProject "Homepwner" */;
			compatibilityVersion = "Xcode 3.2";
			developmentRegion = English;
			hasScannedForEncodings = 0;
			knownRegions = (
				en,
			);
			mainGroup = 02EA47C919BCDCD700554C10;
			productRefGroup = 02EA47D319BCDCD700554C10 /* Products */;
			projectDirPath = "";
			projectRoot = "";
			targets = (
				02EA47D119BCDCD700554C10 /* Homepwner */,
				02EA47EC19BCDCD700554C10 /* HomepwnerTests */,
			);
		};
/* End PBXProject section */

/* Begin PBXResourcesBuildPhase section */
		02EA47D019BCDCD700554C10 /* Resources */ = {
			isa = PBXResourcesBuildPhase;
			buildActionMask = 2147483647;
			files = (
				02EF8FEF19BE637100432255 /* KMNDetailViewController.xib in Resources */,
				02151A8719BD1F9000B3A5E5 /* HeaderView.xib in Resources */,
				02EA47E019BCDCD700554C10 /* InfoPlist.strings in Resources */,
				02F8169919C3DB8F00548C36 /* KMNItemCell.xib in Resources */,
				02EA47E819BCDCD700554C10 /* Images.xcassets in Resources */,
			);
			runOnlyForDeploymentPostprocessing = 0;
		};
		02EA47EB19BCDCD700554C10 /* Resources */ = {
			isa = PBXResourcesBuildPhase;
			buildActionMask = 2147483647;
			files = (
				02EA47F919BCDCD700554C10 /* InfoPlist.strings in Resources */,
			);
			runOnlyForDeploymentPostprocessing = 0;
		};
/* End PBXResourcesBuildPhase section */

/* Begin PBXSourcesBuildPhase section */
		02EA47CE19BCDCD700554C10 /* Sources */ = {
			isa = PBXSourcesBuildPhase;
			buildActionMask = 2147483647;
			files = (
				02F8169C19C3F76500548C36 /* KMNImageViewController.m in Sources */,
				02EF8FEE19BE637100432255 /* KMNDetailViewController.m in Sources */,
				02EF8FF219BE9BD300432255 /* KMNImageStore.m in Sources */,
				02EA47E219BCDCD700554C10 /* main.m in Sources */,
				02EA480919BCEE8800554C10 /* MNItem.m in Sources */,
				02EA480619BCE6FB00554C10 /* KMNItemsViewController.m in Sources */,
				02F8169719C3D8FC00548C36 /* KMNItemCell.m in Sources */,
				02EA47E619BCDCD700554C10 /* KMNAppDelegate.m in Sources */,
				02EA480C19BCF45C00554C10 /* KMNItemStore.m in Sources */,
			);
			runOnlyForDeploymentPostprocessing = 0;
		};
		02EA47E919BCDCD700554C10 /* Sources */ = {
			isa = PBXSourcesBuildPhase;
			buildActionMask = 2147483647;
			files = (
				02EA47FB19BCDCD700554C10 /* HomepwnerTests.m in Sources */,
			);
			runOnlyForDeploymentPostprocessing = 0;
		};
/* End PBXSourcesBuildPhase section */

/* Begin PBXTargetDependency section */
		02EA47F319BCDCD700554C10 /* PBXTargetDependency */ = {
			isa = PBXTargetDependency;
			target = 02EA47D119BCDCD700554C10 /* Homepwner */;
			targetProxy = 02EA47F219BCDCD700554C10 /* PBXContainerItemProxy */;
		};
/* End PBXTargetDependency section */

/* Begin PBXVariantGroup section */
		02EA47DE19BCDCD700554C10 /* InfoPlist.strings */ = {
			isa = PBXVariantGroup;
			children = (
				02EA47DF19BCDCD700554C10 /* en */,
			);
			name = InfoPlist.strings;
			sourceTree = "<group>";
		};
		02EA47F719BCDCD700554C10 /* InfoPlist.strings */ = {
			isa = PBXVariantGroup;
			children = (
				02EA47F819BCDCD700554C10 /* en */,
			);
			name = InfoPlist.strings;
			sourceTree = "<group>";
		};
/* End PBXVariantGroup section */

/* Begin XCBuildConfiguration section */
		02EA47FC19BCDCD700554C10 /* Debug */ = {
			isa = XCBuildConfiguration;
			buildSettings = {
				ALWAYS_SEARCH_USER_PATHS = NO;
				CLANG_CXX_LANGUAGE_STANDARD = "gnu++0x";
				CLANG_CXX_LIBRARY = "libc++";
				CLANG_ENABLE_MODULES = YES;
				CLANG_ENABLE_OBJC_ARC = YES;
				CLANG_WARN_BOOL_CONVERSION = YES;
				CLANG_WARN_CONSTANT_CONVERSION = YES;
				CLANG_WARN_DIRECT_OBJC_ISA_USAGE = YES_ERROR;
				CLANG_WARN_EMPTY_BODY = YES;
				CLANG_WARN_ENUM_CONVERSION = YES;
				CLANG_WARN_INT_CONVERSION = YES;
				CLANG_WARN_OBJC_ROOT_CLASS = YES_ERROR;
				CLANG_WARN__DUPLICATE_METHOD_MATCH = YES;
				"CODE_SIGN_IDENTITY[sdk=iphoneos*]" = "iPhone Developer";
				COPY_PHASE_STRIP = NO;
				GCC_C_LANGUAGE_STANDARD = gnu99;
				GCC_DYNAMIC_NO_PIC = NO;
				GCC_OPTIMIZATION_LEVEL = 0;
				GCC_PREPROCESSOR_DEFINITIONS = (
					"DEBUG=1",
					"$(inherited)",
				);
				GCC_SYMBOLS_PRIVATE_EXTERN = NO;
				GCC_WARN_64_TO_32_BIT_CONVERSION = YES;
				GCC_WARN_ABOUT_RETURN_TYPE = YES_ERROR;
				GCC_WARN_UNDECLARED_SELECTOR = YES;
				GCC_WARN_UNINITIALIZED_AUTOS = YES_AGGRESSIVE;
				GCC_WARN_UNUSED_FUNCTION = YES;
				GCC_WARN_UNUSED_VARIABLE = YES;
				IPHONEOS_DEPLOYMENT_TARGET = 7.1;
				ONLY_ACTIVE_ARCH = YES;
				SDKROOT = iphoneos;
			};
			name = Debug;
		};
		02EA47FD19BCDCD700554C10 /* Release */ = {
			isa = XCBuildConfiguration;
			buildSettings = {
				ALWAYS_SEARCH_USER_PATHS = NO;
				CLANG_CXX_LANGUAGE_STANDARD = "gnu++0x";
				CLANG_CXX_LIBRARY = "libc++";
				CLANG_ENABLE_MODULES = YES;
				CLANG_ENABLE_OBJC_ARC = YES;
				CLANG_WARN_BOOL_CONVERSION = YES;
				CLANG_WARN_CONSTANT_CONVERSION = YES;
				CLANG_WARN_DIRECT_OBJC_ISA_USAGE = YES_ERROR;
				CLANG_WARN_EMPTY_BODY = YES;
				CLANG_WARN_ENUM_CONVERSION = YES;
				CLANG_WARN_INT_CONVERSION = YES;
				CLANG_WARN_OBJC_ROOT_CLASS = YES_ERROR;
				CLANG_WARN__DUPLICATE_METHOD_MATCH = YES;
				"CODE_SIGN_IDENTITY[sdk=iphoneos*]" = "iPhone Developer";
				COPY_PHASE_STRIP = YES;
				ENABLE_NS_ASSERTIONS = NO;
				GCC_C_LANGUAGE_STANDARD = gnu99;
				GCC_WARN_64_TO_32_BIT_CONVERSION = YES;
				GCC_WARN_ABOUT_RETURN_TYPE = YES_ERROR;
				GCC_WARN_UNDECLARED_SELECTOR = YES;
				GCC_WARN_UNINITIALIZED_AUTOS = YES_AGGRESSIVE;
				GCC_WARN_UNUSED_FUNCTION = YES;
				GCC_WARN_UNUSED_VARIABLE = YES;
				IPHONEOS_DEPLOYMENT_TARGET = 7.1;
				SDKROOT = iphoneos;
				VALIDATE_PRODUCT = YES;
			};
			name = Release;
		};
		02EA47FF19BCDCD700554C10 /* Debug */ = {
			isa = XCBuildConfiguration;
			buildSettings = {
				ASSETCATALOG_COMPILER_APPICON_NAME = AppIcon;
				ASSETCATALOG_COMPILER_LAUNCHIMAGE_NAME = LaunchImage;
				GCC_PRECOMPILE_PREFIX_HEADER = YES;
				GCC_PREFIX_HEADER = "Homepwner/Homepwner-Prefix.pch";
				INFOPLIST_FILE = "Homepwner/Homepwner-Info.plist";
				IPHONEOS_DEPLOYMENT_TARGET = 7.1;
				PRODUCT_NAME = "$(TARGET_NAME)";
				TARGETED_DEVICE_FAMILY = "1,2";
				WRAPPER_EXTENSION = app;
			};
			name = Debug;
		};
		02EA480019BCDCD700554C10 /* Release */ = {
			isa = XCBuildConfiguration;
			buildSettings = {
				ASSETCATALOG_COMPILER_APPICON_NAME = AppIcon;
				ASSETCATALOG_COMPILER_LAUNCHIMAGE_NAME = LaunchImage;
				GCC_PRECOMPILE_PREFIX_HEADER = YES;
				GCC_PREFIX_HEADER = "Homepwner/Homepwner-Prefix.pch";
				INFOPLIST_FILE = "Homepwner/Homepwner-Info.plist";
				IPHONEOS_DEPLOYMENT_TARGET = 7.1;
				PRODUCT_NAME = "$(TARGET_NAME)";
				TARGETED_DEVICE_FAMILY = "1,2";
				WRAPPER_EXTENSION = app;
			};
			name = Release;
		};
		02EA480219BCDCD700554C10 /* Debug */ = {
			isa = XCBuildConfiguration;
			buildSettings = {
				BUNDLE_LOADER = "$(BUILT_PRODUCTS_DIR)/Homepwner.app/Homepwner";
				FRAMEWORK_SEARCH_PATHS = (
					"$(SDKROOT)/Developer/Library/Frameworks",
					"$(inherited)",
					"$(DEVELOPER_FRAMEWORKS_DIR)",
				);
				GCC_PRECOMPILE_PREFIX_HEADER = YES;
				GCC_PREFIX_HEADER = "Homepwner/Homepwner-Prefix.pch";
				GCC_PREPROCESSOR_DEFINITIONS = (
					"DEBUG=1",
					"$(inherited)",
				);
				INFOPLIST_FILE = "HomepwnerTests/HomepwnerTests-Info.plist";
				PRODUCT_NAME = "$(TARGET_NAME)";
				TEST_HOST = "$(BUNDLE_LOADER)";
				WRAPPER_EXTENSION = xctest;
			};
			name = Debug;
		};
		02EA480319BCDCD700554C10 /* Release */ = {
			isa = XCBuildConfiguration;
			buildSettings = {
				BUNDLE_LOADER = "$(BUILT_PRODUCTS_DIR)/Homepwner.app/Homepwner";
				FRAMEWORK_SEARCH_PATHS = (
					"$(SDKROOT)/Developer/Library/Frameworks",
					"$(inherited)",
					"$(DEVELOPER_FRAMEWORKS_DIR)",
				);
				GCC_PRECOMPILE_PREFIX_HEADER = YES;
				GCC_PREFIX_HEADER = "Homepwner/Homepwner-Prefix.pch";
				INFOPLIST_FILE = "HomepwnerTests/HomepwnerTests-Info.plist";
				PRODUCT_NAME = "$(TARGET_NAME)";
				TEST_HOST = "$(BUNDLE_LOADER)";
				WRAPPER_EXTENSION = xctest;
			};
			name = Release;
		};
/* End XCBuildConfiguration section */

/* Begin XCConfigurationList section */
		02EA47CD19BCDCD700554C10 /* Build configuration list for PBXProject "Homepwner" */ = {
			isa = XCConfigurationList;
			buildConfigurations = (
				02EA47FC19BCDCD700554C10 /* Debug */,
				02EA47FD19BCDCD700554C10 /* Release */,
			);
			defaultConfigurationIsVisible = 0;
			defaultConfigurationName = Release;
		};
		02EA47FE19BCDCD700554C10 /* Build configuration list for PBXNativeTarget "Homepwner" */ = {
			isa = XCConfigurationList;
			buildConfigurations = (
				02EA47FF19BCDCD700554C10 /* Debug */,
				02EA480019BCDCD700554C10 /* Release */,
			);
			defaultConfigurationIsVisible = 0;
			defaultConfigurationName = Release;
		};
		02EA480119BCDCD700554C10 /* Build configuration list for PBXNativeTarget "HomepwnerTests" */ = {
			isa = XCConfigurationList;
			buildConfigurations = (
				02EA480219BCDCD700554C10 /* Debug */,
				02EA480319BCDCD700554C10 /* Release */,
			);
			defaultConfigurationIsVisible = 0;
			defaultConfigurationName = Release;
		};
/* End XCConfigurationList section */
	};
	rootObject = 02EA47CA19BCDCD700554C10 /* Project object */;
}
