// !$*UTF8*$!
{
	archiveVersion = 1;
	classes = {
	};
	objectVersion = 46;
	objects = {

/* Begin PBXBuildFile section */
		02BCC32C19BAD56400B73057 /* Foundation.framework in Frameworks */ = {isa = PBXBuildFile; fileRef = 02BCC32B19BAD56400B73057 /* Foundation.framework */; };
		02BCC32F19BAD56400B73057 /* main.m in Sources */ = {isa = PBXBuildFile; fileRef = 02BCC32E19BAD56400B73057 /* main.m */; };
		02BCC33319BAD56400B73057 /* RandomItems.1 in CopyFiles */ = {isa = PBXBuildFile; fileRef = 02BCC33219BAD56400B73057 /* RandomItems.1 */; };
		02BCC33B19BADBE500B73057 /* MNItem.m in Sources */ = {isa = PBXBuildFile; fileRef = 02BCC33A19BADBE500B73057 /* MNItem.m */; };
/* End PBXBuildFile section */

/* Begin PBXCopyFilesBuildPhase section */
		02BCC32619BAD56400B73057 /* CopyFiles */ = {
			isa = PBXCopyFilesBuildPhase;
			buildActionMask = 2147483647;
			dstPath = /usr/share/man/man1/;
			dstSubfolderSpec = 0;
			files = (
				02BCC33319BAD56400B73057 /* RandomItems.1 in CopyFiles */,
			);
			runOnlyForDeploymentPostprocessing = 1;
		};
/* End PBXCopyFilesBuildPhase section */

/* Begin PBXFileReference section */
		02BCC32819BAD56400B73057 /* RandomItems */ = {isa = PBXFileReference; explicitFileType = "compiled.mach-o.executable"; includeInIndex = 0; path = RandomItems; sourceTree = BUILT_PRODUCTS_DIR; };
		02BCC32B19BAD56400B73057 /* Foundation.framework */ = {isa = PBXFileReference; lastKnownFileType = wrapper.framework; name = Foundation.framework; path = System/Library/Frameworks/Foundation.framework; sourceTree = SDKROOT; };
		02BCC32E19BAD56400B73057 /* main.m */ = {isa = PBXFileReference; lastKnownFileType = sourcecode.c.objc; path = main.m; sourceTree = "<group>"; };
		02BCC33119BAD56400B73057 /* RandomItems-Prefix.pch */ = {isa = PBXFileReference; lastKnownFileType = sourcecode.c.h; path = "RandomItems-Prefix.pch"; sourceTree = "<group>"; };
		02BCC33219BAD56400B73057 /* RandomItems.1 */ = {isa = PBXFileReference; lastKnownFileType = text.man; path = RandomItems.1; sourceTree = "<group>"; };
		02BCC33919BADBE500B73057 /* MNItem.h */ = {isa = PBXFileReference; fileEncoding = 4; lastKnownFileType = sourcecode.c.h; path = MNItem.h; sourceTree = "<group>"; };
		02BCC33A19BADBE500B73057 /* MNItem.m */ = {isa = PBXFileReference; fileEncoding = 4; lastKnownFileType = sourcecode.c.objc; path = MNItem.m; sourceTree = "<group>"; };
/* End PBXFileReference section */

/* Begin PBXFrameworksBuildPhase section */
		02BCC32519BAD56400B73057 /* Frameworks */ = {
			isa = PBXFrameworksBuildPhase;
			buildActionMask = 2147483647;
			files = (
				02BCC32C19BAD56400B73057 /* Foundation.framework in Frameworks */,
			);
			runOnlyForDeploymentPostprocessing = 0;
		};
/* End PBXFrameworksBuildPhase section */

/* Begin PBXGroup section */
		02BCC31F19BAD56400B73057 = {
			isa = PBXGroup;
			children = (
				02BCC32D19BAD56400B73057 /* RandomItems */,
				02BCC32A19BAD56400B73057 /* Frameworks */,
				02BCC32919BAD56400B73057 /* Products */,
			);
			sourceTree = "<group>";
		};
		02BCC32919BAD56400B73057 /* Products */ = {
			isa = PBXGroup;
			children = (
				02BCC32819BAD56400B73057 /* RandomItems */,
			);
			name = Products;
			sourceTree = "<group>";
		};
		02BCC32A19BAD56400B73057 /* Frameworks */ = {
			isa = PBXGroup;
			children = (
				02BCC32B19BAD56400B73057 /* Foundation.framework */,
			);
			name = Frameworks;
			sourceTree = "<group>";
		};
		02BCC32D19BAD56400B73057 /* RandomItems */ = {
			isa = PBXGroup;
			children = (
				02BCC32E19BAD56400B73057 /* main.m */,
				02BCC33919BADBE500B73057 /* MNItem.h */,
				02BCC33A19BADBE500B73057 /* MNItem.m */,
				02BCC33219BAD56400B73057 /* RandomItems.1 */,
				02BCC33019BAD56400B73057 /* Supporting Files */,
			);
			path = RandomItems;
			sourceTree = "<group>";
		};
		02BCC33019BAD56400B73057 /* Supporting Files */ = {
			isa = PBXGroup;
			children = (
				02BCC33119BAD56400B73057 /* RandomItems-Prefix.pch */,
			);
			name = "Supporting Files";
			sourceTree = "<group>";
		};
/* End PBXGroup section */

/* Begin PBXNativeTarget section */
		02BCC32719BAD56400B73057 /* RandomItems */ = {
			isa = PBXNativeTarget;
			buildConfigurationList = 02BCC33619BAD56400B73057 /* Build configuration list for PBXNativeTarget "RandomItems" */;
			buildPhases = (
				02BCC32419BAD56400B73057 /* Sources */,
				02BCC32519BAD56400B73057 /* Frameworks */,
				02BCC32619BAD56400B73057 /* CopyFiles */,
			);
			buildRules = (
			);
			dependencies = (
			);
			name = RandomItems;
			productName = RandomItems;
			productReference = 02BCC32819BAD56400B73057 /* RandomItems */;
			productType = "com.apple.product-type.tool";
		};
/* End PBXNativeTarget section */

/* Begin PBXProject section */
		02BCC32019BAD56400B73057 /* Project object */ = {
			isa = PBXProject;
			attributes = {
				LastUpgradeCheck = 0510;
				ORGANIZATIONNAME = "Michael Nwani";
			};
			buildConfigurationList = 02BCC32319BAD56400B73057 /* Build configuration list for PBXProject "RandomItems" */;
			compatibilityVersion = "Xcode 3.2";
			developmentRegion = English;
			hasScannedForEncodings = 0;
			knownRegions = (
				en,
			);
			mainGroup = 02BCC31F19BAD56400B73057;
			productRefGroup = 02BCC32919BAD56400B73057 /* Products */;
			projectDirPath = "";
			projectRoot = "";
			targets = (
				02BCC32719BAD56400B73057 /* RandomItems */,
			);
		};
/* End PBXProject section */

/* Begin PBXSourcesBuildPhase section */
		02BCC32419BAD56400B73057 /* Sources */ = {
			isa = PBXSourcesBuildPhase;
			buildActionMask = 2147483647;
			files = (
				02BCC32F19BAD56400B73057 /* main.m in Sources */,
				02BCC33B19BADBE500B73057 /* MNItem.m in Sources */,
			);
			runOnlyForDeploymentPostprocessing = 0;
		};
/* End PBXSourcesBuildPhase section */

/* Begin XCBuildConfiguration section */
		02BCC33419BAD56400B73057 /* Debug */ = {
			isa = XCBuildConfiguration;
			buildSettings = {
				ALWAYS_SEARCH_USER_PATHS = NO;
				CLANG_CXX_LANGUAGE_STANDARD = "gnu++0x";
				CLANG_CXX_LIBRARY = "libc++";
				CLANG_ENABLE_MODULES = YES;
				CLANG_ENABLE_OBJC_ARC = YES;
				CLANG_WARN_BOOL_CONVERSION = YES;
				CLANG_WARN_CONSTANT_CONVERSION = YES;
				CLANG_WARN_DIRECT_OBJC_ISA_USAGE = YES_ERROR;
				CLANG_WARN_EMPTY_BODY = YES;
				CLANG_WARN_ENUM_CONVERSION = YES;
				CLANG_WARN_INT_CONVERSION = YES;
				CLANG_WARN_OBJC_ROOT_CLASS = YES_ERROR;
				CLANG_WARN__DUPLICATE_METHOD_MATCH = YES;
				COPY_PHASE_STRIP = NO;
				GCC_C_LANGUAGE_STANDARD = gnu99;
				GCC_DYNAMIC_NO_PIC = NO;
				GCC_ENABLE_OBJC_EXCEPTIONS = YES;
				GCC_OPTIMIZATION_LEVEL = 0;
				GCC_PREPROCESSOR_DEFINITIONS = (
					"DEBUG=1",
					"$(inherited)",
				);
				GCC_SYMBOLS_PRIVATE_EXTERN = NO;
				GCC_WARN_64_TO_32_BIT_CONVERSION = YES;
				GCC_WARN_ABOUT_RETURN_TYPE = YES_ERROR;
				GCC_WARN_UNDECLARED_SELECTOR = YES;
				GCC_WARN_UNINITIALIZED_AUTOS = YES_AGGRESSIVE;
				GCC_WARN_UNUSED_FUNCTION = YES;
				GCC_WARN_UNUSED_VARIABLE = YES;
				MACOSX_DEPLOYMENT_TARGET = 10.9;
				ONLY_ACTIVE_ARCH = YES;
				SDKROOT = macosx;
			};
			name = Debug;
		};
		02BCC33519BAD56400B73057 /* Release */ = {
			isa = XCBuildConfiguration;
			buildSettings = {
				ALWAYS_SEARCH_USER_PATHS = NO;
				CLANG_CXX_LANGUAGE_STANDARD = "gnu++0x";
				CLANG_CXX_LIBRARY = "libc++";
				CLANG_ENABLE_MODULES = YES;
				CLANG_ENABLE_OBJC_ARC = YES;
				CLANG_WARN_BOOL_CONVERSION = YES;
				CLANG_WARN_CONSTANT_CONVERSION = YES;
				CLANG_WARN_DIRECT_OBJC_ISA_USAGE = YES_ERROR;
				CLANG_WARN_EMPTY_BODY = YES;
				CLANG_WARN_ENUM_CONVERSION = YES;
				CLANG_WARN_INT_CONVERSION = YES;
				CLANG_WARN_OBJC_ROOT_CLASS = YES_ERROR;
				CLANG_WARN__DUPLICATE_METHOD_MATCH = YES;
				COPY_PHASE_STRIP = YES;
				DEBUG_INFORMATION_FORMAT = "dwarf-with-dsym";
				ENABLE_NS_ASSERTIONS = NO;
				GCC_C_LANGUAGE_STANDARD = gnu99;
				GCC_ENABLE_OBJC_EXCEPTIONS = YES;
				GCC_WARN_64_TO_32_BIT_CONVERSION = YES;
				GCC_WARN_ABOUT_RETURN_TYPE = YES_ERROR;
				GCC_WARN_UNDECLARED_SELECTOR = YES;
				GCC_WARN_UNINITIALIZED_AUTOS = YES_AGGRESSIVE;
				GCC_WARN_UNUSED_FUNCTION = YES;
				GCC_WARN_UNUSED_VARIABLE = YES;
				MACOSX_DEPLOYMENT_TARGET = 10.9;
				SDKROOT = macosx;
			};
			name = Release;
		};
		02BCC33719BAD56400B73057 /* Debug */ = {
			isa = XCBuildConfiguration;
			buildSettings = {
				GCC_PRECOMPILE_PREFIX_HEADER = YES;
				GCC_PREFIX_HEADER = "RandomItems/RandomItems-Prefix.pch";
				PRODUCT_NAME = "$(TARGET_NAME)";
			};
			name = Debug;
		};
		02BCC33819BAD56400B73057 /* Release */ = {
			isa = XCBuildConfiguration;
			buildSettings = {
				GCC_PRECOMPILE_PREFIX_HEADER = YES;
				GCC_PREFIX_HEADER = "RandomItems/RandomItems-Prefix.pch";
				PRODUCT_NAME = "$(TARGET_NAME)";
			};
			name = Release;
		};
/* End XCBuildConfiguration section */

/* Begin XCConfigurationList section */
		02BCC32319BAD56400B73057 /* Build configuration list for PBXProject "RandomItems" */ = {
			isa = XCConfigurationList;
			buildConfigurations = (
				02BCC33419BAD56400B73057 /* Debug */,
				02BCC33519BAD56400B73057 /* Release */,
			);
			defaultConfigurationIsVisible = 0;
			defaultConfigurationName = Release;
		};
		02BCC33619BAD56400B73057 /* Build configuration list for PBXNativeTarget "RandomItems" */ = {
			isa = XCConfigurationList;
			buildConfigurations = (
				02BCC33719BAD56400B73057 /* Debug */,
				02BCC33819BAD56400B73057 /* Release */,
			);
			defaultConfigurationIsVisible = 0;
		};
/* End XCConfigurationList section */
	};
	rootObject = 02BCC32019BAD56400B73057 /* Project object */;
}
